// !$*UTF8*$!
{
	archiveVersion = 1;
	classes = {
	};
	objectVersion = 46;
	objects = {

/* Begin PBXBuildFile section */
		1D9460BB19BD072700981938 /* AppDelegate.swift in Sources */ = {isa = PBXBuildFile; fileRef = 1D9460BA19BD072700981938 /* AppDelegate.swift */; };
		1D9460C219BD072700981938 /* Images.xcassets in Resources */ = {isa = PBXBuildFile; fileRef = 1D9460C119BD072700981938 /* Images.xcassets */; };
		1D9460CE19BD072700981938 /* LectureReaderTests.swift in Sources */ = {isa = PBXBuildFile; fileRef = 1D9460CD19BD072700981938 /* LectureReaderTests.swift */; };
		1D9460D819BD0B1C00981938 /* Authentication.storyboard in Resources */ = {isa = PBXBuildFile; fileRef = 1D9460D719BD0B1C00981938 /* Authentication.storyboard */; };
		1D9460DB19BD0CEB00981938 /* Main.storyboard in Resources */ = {isa = PBXBuildFile; fileRef = 1D9460DA19BD0CEB00981938 /* Main.storyboard */; };
		1D9460DE19BD130A00981938 /* LecturesListController.swift in Sources */ = {isa = PBXBuildFile; fileRef = 1D9460DD19BD130A00981938 /* LecturesListController.swift */; };
		1D9460E019BD132600981938 /* LoginViewController.swift in Sources */ = {isa = PBXBuildFile; fileRef = 1D9460DF19BD132600981938 /* LoginViewController.swift */; };
		1DF5010819C187AB008F2DF6 /* LectureViewController.swift in Sources */ = {isa = PBXBuildFile; fileRef = 1DF5010719C187AB008F2DF6 /* LectureViewController.swift */; };
		1DF5010A19C192A2008F2DF6 /* Lecture.swift in Sources */ = {isa = PBXBuildFile; fileRef = 1DF5010919C192A2008F2DF6 /* Lecture.swift */; };
/* End PBXBuildFile section */

/* Begin PBXContainerItemProxy section */
		1D9460C819BD072700981938 /* PBXContainerItemProxy */ = {
			isa = PBXContainerItemProxy;
			containerPortal = 1D9460AD19BD072700981938 /* Project object */;
			proxyType = 1;
			remoteGlobalIDString = 1D9460B419BD072700981938;
			remoteInfo = LectureReader;
		};
/* End PBXContainerItemProxy section */

/* Begin PBXFileReference section */
		1D9460B519BD072700981938 /* LectureReader.app */ = {isa = PBXFileReference; explicitFileType = wrapper.application; includeInIndex = 0; path = LectureReader.app; sourceTree = BUILT_PRODUCTS_DIR; };
		1D9460B919BD072700981938 /* Info.plist */ = {isa = PBXFileReference; lastKnownFileType = text.plist.xml; path = Info.plist; sourceTree = "<group>"; };
		1D9460BA19BD072700981938 /* AppDelegate.swift */ = {isa = PBXFileReference; lastKnownFileType = sourcecode.swift; path = AppDelegate.swift; sourceTree = "<group>"; };
		1D9460C119BD072700981938 /* Images.xcassets */ = {isa = PBXFileReference; lastKnownFileType = folder.assetcatalog; path = Images.xcassets; sourceTree = "<group>"; };
		1D9460C719BD072700981938 /* LectureReaderTests.xctest */ = {isa = PBXFileReference; explicitFileType = wrapper.cfbundle; includeInIndex = 0; path = LectureReaderTests.xctest; sourceTree = BUILT_PRODUCTS_DIR; };
		1D9460CC19BD072700981938 /* Info.plist */ = {isa = PBXFileReference; lastKnownFileType = text.plist.xml; path = Info.plist; sourceTree = "<group>"; };
		1D9460CD19BD072700981938 /* LectureReaderTests.swift */ = {isa = PBXFileReference; lastKnownFileType = sourcecode.swift; path = LectureReaderTests.swift; sourceTree = "<group>"; };
		1D9460D719BD0B1C00981938 /* Authentication.storyboard */ = {isa = PBXFileReference; fileEncoding = 4; lastKnownFileType = file.storyboard; name = Authentication.storyboard; path = Storyboards/Authentication.storyboard; sourceTree = "<group>"; };
		1D9460DA19BD0CEB00981938 /* Main.storyboard */ = {isa = PBXFileReference; fileEncoding = 4; lastKnownFileType = file.storyboard; name = Main.storyboard; path = Storyboards/Main.storyboard; sourceTree = "<group>"; };
		1D9460DD19BD130A00981938 /* LecturesListController.swift */ = {isa = PBXFileReference; fileEncoding = 4; lastKnownFileType = sourcecode.swift; name = LecturesListController.swift; path = Controllers/LecturesListController.swift; sourceTree = "<group>"; };
		1D9460DF19BD132600981938 /* LoginViewController.swift */ = {isa = PBXFileReference; fileEncoding = 4; lastKnownFileType = sourcecode.swift; name = LoginViewController.swift; path = Controllers/LoginViewController.swift; sourceTree = "<group>"; };
		1DF5010719C187AB008F2DF6 /* LectureViewController.swift */ = {isa = PBXFileReference; fileEncoding = 4; lastKnownFileType = sourcecode.swift; name = LectureViewController.swift; path = Controllers/LectureViewController.swift; sourceTree = "<group>"; };
		1DF5010919C192A2008F2DF6 /* Lecture.swift */ = {isa = PBXFileReference; fileEncoding = 4; lastKnownFileType = sourcecode.swift; name = Lecture.swift; path = LectureReader/Models/Lecture.swift; sourceTree = "<group>"; };
/* End PBXFileReference section */

/* Begin PBXFrameworksBuildPhase section */
		1D9460B219BD072700981938 /* Frameworks */ = {
			isa = PBXFrameworksBuildPhase;
			buildActionMask = 2147483647;
			files = (
			);
			runOnlyForDeploymentPostprocessing = 0;
		};
		1D9460C419BD072700981938 /* Frameworks */ = {
			isa = PBXFrameworksBuildPhase;
			buildActionMask = 2147483647;
			files = (
			);
			runOnlyForDeploymentPostprocessing = 0;
		};
/* End PBXFrameworksBuildPhase section */

/* Begin PBXGroup section */
		1D9460AC19BD072700981938 = {
			isa = PBXGroup;
			children = (
				1D9460E119BD2E4700981938 /* Models */,
				1D9460B719BD072700981938 /* LectureReader */,
				1D9460CA19BD072700981938 /* LectureReaderTests */,
				1D9460B619BD072700981938 /* Products */,
			);
			sourceTree = "<group>";
		};
		1D9460B619BD072700981938 /* Products */ = {
			isa = PBXGroup;
			children = (
				1D9460B519BD072700981938 /* LectureReader.app */,
				1D9460C719BD072700981938 /* LectureReaderTests.xctest */,
			);
			name = Products;
			sourceTree = "<group>";
		};
		1D9460B719BD072700981938 /* LectureReader */ = {
			isa = PBXGroup;
			children = (
				1D9460DC19BD12C400981938 /* Controllers */,
				1D9460D919BD0B2100981938 /* Storyboards */,
				1D9460BA19BD072700981938 /* AppDelegate.swift */,
				1D9460C119BD072700981938 /* Images.xcassets */,
				1D9460B819BD072700981938 /* Supporting Files */,
			);
			path = LectureReader;
			sourceTree = "<group>";
		};
		1D9460B819BD072700981938 /* Supporting Files */ = {
			isa = PBXGroup;
			children = (
				1D9460B919BD072700981938 /* Info.plist */,
			);
			name = "Supporting Files";
			sourceTree = "<group>";
		};
		1D9460CA19BD072700981938 /* LectureReaderTests */ = {
			isa = PBXGroup;
			children = (
				1D9460CD19BD072700981938 /* LectureReaderTests.swift */,
				1D9460CB19BD072700981938 /* Supporting Files */,
			);
			path = LectureReaderTests;
			sourceTree = "<group>";
		};
		1D9460CB19BD072700981938 /* Supporting Files */ = {
			isa = PBXGroup;
			children = (
				1D9460CC19BD072700981938 /* Info.plist */,
			);
			name = "Supporting Files";
			sourceTree = "<group>";
		};
		1D9460D919BD0B2100981938 /* Storyboards */ = {
			isa = PBXGroup;
			children = (
				1D9460DA19BD0CEB00981938 /* Main.storyboard */,
				1D9460D719BD0B1C00981938 /* Authentication.storyboard */,
			);
			name = Storyboards;
			sourceTree = "<group>";
		};
		1D9460DC19BD12C400981938 /* Controllers */ = {
			isa = PBXGroup;
			children = (
				1D9460DD19BD130A00981938 /* LecturesListController.swift */,
				1D9460DF19BD132600981938 /* LoginViewController.swift */,
				1DF5010719C187AB008F2DF6 /* LectureViewController.swift */,
			);
			name = Controllers;
			sourceTree = "<group>";
		};
		1D9460E119BD2E4700981938 /* Models */ = {
			isa = PBXGroup;
			children = (
				1DF5010919C192A2008F2DF6 /* Lecture.swift */,
			);
			name = Models;
			sourceTree = "<group>";
		};
/* End PBXGroup section */

/* Begin PBXNativeTarget section */
		1D9460B419BD072700981938 /* LectureReader */ = {
			isa = PBXNativeTarget;
			buildConfigurationList = 1D9460D119BD072700981938 /* Build configuration list for PBXNativeTarget "LectureReader" */;
			buildPhases = (
				1D9460B119BD072700981938 /* Sources */,
				1D9460B219BD072700981938 /* Frameworks */,
				1D9460B319BD072700981938 /* Resources */,
			);
			buildRules = (
			);
			dependencies = (
			);
			name = LectureReader;
			productName = LectureReader;
			productReference = 1D9460B519BD072700981938 /* LectureReader.app */;
			productType = "com.apple.product-type.application";
		};
		1D9460C619BD072700981938 /* LectureReaderTests */ = {
			isa = PBXNativeTarget;
			buildConfigurationList = 1D9460D419BD072700981938 /* Build configuration list for PBXNativeTarget "LectureReaderTests" */;
			buildPhases = (
				1D9460C319BD072700981938 /* Sources */,
				1D9460C419BD072700981938 /* Frameworks */,
				1D9460C519BD072700981938 /* Resources */,
			);
			buildRules = (
			);
			dependencies = (
				1D9460C919BD072700981938 /* PBXTargetDependency */,
			);
			name = LectureReaderTests;
			productName = LectureReaderTests;
			productReference = 1D9460C719BD072700981938 /* LectureReaderTests.xctest */;
			productType = "com.apple.product-type.bundle.unit-test";
		};
/* End PBXNativeTarget section */

/* Begin PBXProject section */
		1D9460AD19BD072700981938 /* Project object */ = {
			isa = PBXProject;
			attributes = {
				LastUpgradeCheck = 0600;
				ORGANIZATIONNAME = rad;
				TargetAttributes = {
					1D9460B419BD072700981938 = {
						CreatedOnToolsVersion = 6.0;
					};
					1D9460C619BD072700981938 = {
						CreatedOnToolsVersion = 6.0;
						TestTargetID = 1D9460B419BD072700981938;
					};
				};
			};
			buildConfigurationList = 1D9460B019BD072700981938 /* Build configuration list for PBXProject "LectureReader" */;
			compatibilityVersion = "Xcode 3.2";
			developmentRegion = English;
			hasScannedForEncodings = 0;
			knownRegions = (
				en,
				Base,
			);
			mainGroup = 1D9460AC19BD072700981938;
			productRefGroup = 1D9460B619BD072700981938 /* Products */;
			projectDirPath = "";
			projectRoot = "";
			targets = (
				1D9460B419BD072700981938 /* LectureReader */,
				1D9460C619BD072700981938 /* LectureReaderTests */,
			);
		};
/* End PBXProject section */

/* Begin PBXResourcesBuildPhase section */
		1D9460B319BD072700981938 /* Resources */ = {
			isa = PBXResourcesBuildPhase;
			buildActionMask = 2147483647;
			files = (
				1D9460DB19BD0CEB00981938 /* Main.storyboard in Resources */,
				1D9460D819BD0B1C00981938 /* Authentication.storyboard in Resources */,
				1D9460C219BD072700981938 /* Images.xcassets in Resources */,
			);
			runOnlyForDeploymentPostprocessing = 0;
		};
		1D9460C519BD072700981938 /* Resources */ = {
			isa = PBXResourcesBuildPhase;
			buildActionMask = 2147483647;
			files = (
			);
			runOnlyForDeploymentPostprocessing = 0;
		};
/* End PBXResourcesBuildPhase section */

/* Begin PBXSourcesBuildPhase section */
		1D9460B119BD072700981938 /* Sources */ = {
			isa = PBXSourcesBuildPhase;
			buildActionMask = 2147483647;
			files = (
				1D9460E019BD132600981938 /* LoginViewController.swift in Sources */,
				1DF5010819C187AB008F2DF6 /* LectureViewController.swift in Sources */,
				1D9460DE19BD130A00981938 /* LecturesListController.swift in Sources */,
				1D9460BB19BD072700981938 /* AppDelegate.swift in Sources */,
				1DF5010A19C192A2008F2DF6 /* Lecture.swift in Sources */,
			);
			runOnlyForDeploymentPostprocessing = 0;
		};
		1D9460C319BD072700981938 /* Sources */ = {
			isa = PBXSourcesBuildPhase;
			buildActionMask = 2147483647;
			files = (
				1D9460CE19BD072700981938 /* LectureReaderTests.swift in Sources */,
			);
			runOnlyForDeploymentPostprocessing = 0;
		};
/* End PBXSourcesBuildPhase section */

/* Begin PBXTargetDependency section */
		1D9460C919BD072700981938 /* PBXTargetDependency */ = {
			isa = PBXTargetDependency;
			target = 1D9460B419BD072700981938 /* LectureReader */;
			targetProxy = 1D9460C819BD072700981938 /* PBXContainerItemProxy */;
		};
/* End PBXTargetDependency section */

/* Begin XCBuildConfiguration section */
		1D9460CF19BD072700981938 /* Debug */ = {
			isa = XCBuildConfiguration;
			buildSettings = {
				ALWAYS_SEARCH_USER_PATHS = NO;
				CLANG_CXX_LANGUAGE_STANDARD = "gnu++0x";
				CLANG_CXX_LIBRARY = "libc++";
				CLANG_ENABLE_MODULES = YES;
				CLANG_ENABLE_OBJC_ARC = YES;
				CLANG_WARN_BOOL_CONVERSION = YES;
				CLANG_WARN_CONSTANT_CONVERSION = YES;
				CLANG_WARN_DIRECT_OBJC_ISA_USAGE = YES_ERROR;
				CLANG_WARN_EMPTY_BODY = YES;
				CLANG_WARN_ENUM_CONVERSION = YES;
				CLANG_WARN_INT_CONVERSION = YES;
				CLANG_WARN_OBJC_ROOT_CLASS = YES_ERROR;
				CLANG_WARN_UNREACHABLE_CODE = YES;
				CLANG_WARN__DUPLICATE_METHOD_MATCH = YES;
				"CODE_SIGN_IDENTITY[sdk=iphoneos*]" = "iPhone Developer";
				COPY_PHASE_STRIP = NO;
				ENABLE_STRICT_OBJC_MSGSEND = YES;
				GCC_C_LANGUAGE_STANDARD = gnu99;
				GCC_DYNAMIC_NO_PIC = NO;
				GCC_OPTIMIZATION_LEVEL = 0;
				GCC_PREPROCESSOR_DEFINITIONS = (
					"DEBUG=1",
					"$(inherited)",
				);
				GCC_SYMBOLS_PRIVATE_EXTERN = NO;
				GCC_WARN_64_TO_32_BIT_CONVERSION = YES;
				GCC_WARN_ABOUT_RETURN_TYPE = YES_ERROR;
				GCC_WARN_UNDECLARED_SELECTOR = YES;
				GCC_WARN_UNINITIALIZED_AUTOS = YES_AGGRESSIVE;
				GCC_WARN_UNUSED_FUNCTION = YES;
				GCC_WARN_UNUSED_VARIABLE = YES;
				IPHONEOS_DEPLOYMENT_TARGET = 8.0;
				MTL_ENABLE_DEBUG_INFO = YES;
				ONLY_ACTIVE_ARCH = YES;
				SDKROOT = iphoneos;
				SWIFT_OPTIMIZATION_LEVEL = "-Onone";
				TARGETED_DEVICE_FAMILY = 2;
			};
			name = Debug;
		};
		1D9460D019BD072700981938 /* Release */ = {
			isa = XCBuildConfiguration;
			buildSettings = {
				ALWAYS_SEARCH_USER_PATHS = NO;
				CLANG_CXX_LANGUAGE_STANDARD = "gnu++0x";
				CLANG_CXX_LIBRARY = "libc++";
				CLANG_ENABLE_MODULES = YES;
				CLANG_ENABLE_OBJC_ARC = YES;
				CLANG_WARN_BOOL_CONVERSION = YES;
				CLANG_WARN_CONSTANT_CONVERSION = YES;
				CLANG_WARN_DIRECT_OBJC_ISA_USAGE = YES_ERROR;
				CLANG_WARN_EMPTY_BODY = YES;
				CLANG_WARN_ENUM_CONVERSION = YES;
				CLANG_WARN_INT_CONVERSION = YES;
				CLANG_WARN_OBJC_ROOT_CLASS = YES_ERROR;
				CLANG_WARN_UNREACHABLE_CODE = YES;
				CLANG_WARN__DUPLICATE_METHOD_MATCH = YES;
				"CODE_SIGN_IDENTITY[sdk=iphoneos*]" = "iPhone Developer";
				COPY_PHASE_STRIP = YES;
				ENABLE_NS_ASSERTIONS = NO;
				ENABLE_STRICT_OBJC_MSGSEND = YES;
				GCC_C_LANGUAGE_STANDARD = gnu99;
				GCC_WARN_64_TO_32_BIT_CONVERSION = YES;
				GCC_WARN_ABOUT_RETURN_TYPE = YES_ERROR;
				GCC_WARN_UNDECLARED_SELECTOR = YES;
				GCC_WARN_UNINITIALIZED_AUTOS = YES_AGGRESSIVE;
				GCC_WARN_UNUSED_FUNCTION = YES;
				GCC_WARN_UNUSED_VARIABLE = YES;
				IPHONEOS_DEPLOYMENT_TARGET = 8.0;
				MTL_ENABLE_DEBUG_INFO = NO;
				SDKROOT = iphoneos;
				TARGETED_DEVICE_FAMILY = 2;
				VALIDATE_PRODUCT = YES;
			};
			name = Release;
		};
		1D9460D219BD072700981938 /* Debug */ = {
			isa = XCBuildConfiguration;
			buildSettings = {
				ASSETCATALOG_COMPILER_APPICON_NAME = AppIcon;
				ASSETCATALOG_COMPILER_LAUNCHIMAGE_NAME = LaunchImage;
				INFOPLIST_FILE = LectureReader/Info.plist;
				IPHONEOS_DEPLOYMENT_TARGET = 7.0;
				LD_RUNPATH_SEARCH_PATHS = "$(inherited) @executable_path/Frameworks";
				PRODUCT_NAME = "$(TARGET_NAME)";
			};
			name = Debug;
		};
		1D9460D319BD072700981938 /* Release */ = {
			isa = XCBuildConfiguration;
			buildSettings = {
				ASSETCATALOG_COMPILER_APPICON_NAME = AppIcon;
				ASSETCATALOG_COMPILER_LAUNCHIMAGE_NAME = LaunchImage;
				INFOPLIST_FILE = LectureReader/Info.plist;
				IPHONEOS_DEPLOYMENT_TARGET = 7.0;
				LD_RUNPATH_SEARCH_PATHS = "$(inherited) @executable_path/Frameworks";
				PRODUCT_NAME = "$(TARGET_NAME)";
			};
			name = Release;
		};
		1D9460D519BD072700981938 /* Debug */ = {
			isa = XCBuildConfiguration;
			buildSettings = {
				BUNDLE_LOADER = "$(TEST_HOST)";
				FRAMEWORK_SEARCH_PATHS = (
					"$(SDKROOT)/Developer/Library/Frameworks",
					"$(inherited)",
				);
				GCC_PREPROCESSOR_DEFINITIONS = (
					"DEBUG=1",
					"$(inherited)",
				);
				INFOPLIST_FILE = LectureReaderTests/Info.plist;
				LD_RUNPATH_SEARCH_PATHS = "$(inherited) @executable_path/Frameworks @loader_path/Frameworks";
				PRODUCT_NAME = "$(TARGET_NAME)";
				TEST_HOST = "$(BUILT_PRODUCTS_DIR)/LectureReader.app/LectureReader";
			};
			name = Debug;
		};
		1D9460D619BD072700981938 /* Release */ = {
			isa = XCBuildConfiguration;
			buildSettings = {
				BUNDLE_LOADER = "$(TEST_HOST)";
				FRAMEWORK_SEARCH_PATHS = (
					"$(SDKROOT)/Developer/Library/Frameworks",
					"$(inherited)",
				);
				INFOPLIST_FILE = LectureReaderTests/Info.plist;
				LD_RUNPATH_SEARCH_PATHS = "$(inherited) @executable_path/Frameworks @loader_path/Frameworks";
				PRODUCT_NAME = "$(TARGET_NAME)";
				TEST_HOST = "$(BUILT_PRODUCTS_DIR)/LectureReader.app/LectureReader";
			};
			name = Release;
		};
/* End XCBuildConfiguration section */

/* Begin XCConfigurationList section */
		1D9460B019BD072700981938 /* Build configuration list for PBXProject "LectureReader" */ = {
			isa = XCConfigurationList;
			buildConfigurations = (
				1D9460CF19BD072700981938 /* Debug */,
				1D9460D019BD072700981938 /* Release */,
			);
			defaultConfigurationIsVisible = 0;
			defaultConfigurationName = Release;
		};
		1D9460D119BD072700981938 /* Build configuration list for PBXNativeTarget "LectureReader" */ = {
			isa = XCConfigurationList;
			buildConfigurations = (
				1D9460D219BD072700981938 /* Debug */,
				1D9460D319BD072700981938 /* Release */,
			);
			defaultConfigurationIsVisible = 0;
			defaultConfigurationName = Release;
		};
		1D9460D419BD072700981938 /* Build configuration list for PBXNativeTarget "LectureReaderTests" */ = {
			isa = XCConfigurationList;
			buildConfigurations = (
				1D9460D519BD072700981938 /* Debug */,
				1D9460D619BD072700981938 /* Release */,
			);
			defaultConfigurationIsVisible = 0;
			defaultConfigurationName = Release;
		};
/* End XCConfigurationList section */
	};
	rootObject = 1D9460AD19BD072700981938 /* Project object */;
}
